// !$*UTF8*$!
{
	archiveVersion = 1;
	classes = {
	};
	objectVersion = 46;
	objects = {

/* Begin PBXBuildFile section */
		7CB092EE83E616270D47443F /* libPods-InstagramGlitterLabs.a in Frameworks */ = {isa = PBXBuildFile; fileRef = 59861F7982194C46A262C6B7 /* libPods-InstagramGlitterLabs.a */; };
		A925D0401C1DA6D000D37622 /* main.m in Sources */ = {isa = PBXBuildFile; fileRef = A925D03F1C1DA6D000D37622 /* main.m */; };
		A925D0431C1DA6D000D37622 /* AppDelegate.m in Sources */ = {isa = PBXBuildFile; fileRef = A925D0421C1DA6D000D37622 /* AppDelegate.m */; };
		A925D0461C1DA6D000D37622 /* InstagramGlitterLabs.xcdatamodeld in Sources */ = {isa = PBXBuildFile; fileRef = A925D0441C1DA6D000D37622 /* InstagramGlitterLabs.xcdatamodeld */; };
		A925D0491C1DA6D000D37622 /* ViewController.m in Sources */ = {isa = PBXBuildFile; fileRef = A925D0481C1DA6D000D37622 /* ViewController.m */; };
		A925D04C1C1DA6D000D37622 /* Main.storyboard in Resources */ = {isa = PBXBuildFile; fileRef = A925D04A1C1DA6D000D37622 /* Main.storyboard */; };
		A925D04E1C1DA6D000D37622 /* Images.xcassets in Resources */ = {isa = PBXBuildFile; fileRef = A925D04D1C1DA6D000D37622 /* Images.xcassets */; };
		A925D0511C1DA6D000D37622 /* LaunchScreen.xib in Resources */ = {isa = PBXBuildFile; fileRef = A925D04F1C1DA6D000D37622 /* LaunchScreen.xib */; };
		A925D05D1C1DA6D000D37622 /* InstagramGlitterLabsTests.m in Sources */ = {isa = PBXBuildFile; fileRef = A925D05C1C1DA6D000D37622 /* InstagramGlitterLabsTests.m */; };
		A925D0681C1DACC100D37622 /* InstagramTableViewCell.m in Sources */ = {isa = PBXBuildFile; fileRef = A925D0671C1DACC100D37622 /* InstagramTableViewCell.m */; };
		A925D06B1C1DACEE00D37622 /* InstagramTableViewController.m in Sources */ = {isa = PBXBuildFile; fileRef = A925D06A1C1DACEE00D37622 /* InstagramTableViewController.m */; };
		A925D06E1C1DAD2E00D37622 /* InstagramViewController.m in Sources */ = {isa = PBXBuildFile; fileRef = A925D06D1C1DAD2E00D37622 /* InstagramViewController.m */; };
		A925D08C1C1EF67200D37622 /* instagram.png in Resources */ = {isa = PBXBuildFile; fileRef = A925D08B1C1EF67200D37622 /* instagram.png */; };
/* End PBXBuildFile section */

/* Begin PBXContainerItemProxy section */
		A925D0571C1DA6D000D37622 /* PBXContainerItemProxy */ = {
			isa = PBXContainerItemProxy;
			containerPortal = A925D0321C1DA6D000D37622 /* Project object */;
			proxyType = 1;
			remoteGlobalIDString = A925D0391C1DA6D000D37622;
			remoteInfo = InstagramGlitterLabs;
		};
/* End PBXContainerItemProxy section */

/* Begin PBXFileReference section */
		09D9FF3473625E924E268FB3 /* Pods-InstagramGlitterLabs.debug.xcconfig */ = {isa = PBXFileReference; includeInIndex = 1; lastKnownFileType = text.xcconfig; name = "Pods-InstagramGlitterLabs.debug.xcconfig"; path = "Pods/Target Support Files/Pods-InstagramGlitterLabs/Pods-InstagramGlitterLabs.debug.xcconfig"; sourceTree = "<group>"; };
		59861F7982194C46A262C6B7 /* libPods-InstagramGlitterLabs.a */ = {isa = PBXFileReference; explicitFileType = archive.ar; includeInIndex = 0; path = "libPods-InstagramGlitterLabs.a"; sourceTree = BUILT_PRODUCTS_DIR; };
		A925D03A1C1DA6D000D37622 /* InstagramGlitterLabs.app */ = {isa = PBXFileReference; explicitFileType = wrapper.application; includeInIndex = 0; path = InstagramGlitterLabs.app; sourceTree = BUILT_PRODUCTS_DIR; };
		A925D03E1C1DA6D000D37622 /* Info.plist */ = {isa = PBXFileReference; lastKnownFileType = text.plist.xml; path = Info.plist; sourceTree = "<group>"; };
		A925D03F1C1DA6D000D37622 /* main.m */ = {isa = PBXFileReference; lastKnownFileType = sourcecode.c.objc; path = main.m; sourceTree = "<group>"; };
		A925D0411C1DA6D000D37622 /* AppDelegate.h */ = {isa = PBXFileReference; lastKnownFileType = sourcecode.c.h; path = AppDelegate.h; sourceTree = "<group>"; };
		A925D0421C1DA6D000D37622 /* AppDelegate.m */ = {isa = PBXFileReference; lastKnownFileType = sourcecode.c.objc; path = AppDelegate.m; sourceTree = "<group>"; };
		A925D0451C1DA6D000D37622 /* InstagramGlitterLabs.xcdatamodel */ = {isa = PBXFileReference; lastKnownFileType = wrapper.xcdatamodel; path = InstagramGlitterLabs.xcdatamodel; sourceTree = "<group>"; };
		A925D0471C1DA6D000D37622 /* ViewController.h */ = {isa = PBXFileReference; lastKnownFileType = sourcecode.c.h; path = ViewController.h; sourceTree = "<group>"; };
		A925D0481C1DA6D000D37622 /* ViewController.m */ = {isa = PBXFileReference; lastKnownFileType = sourcecode.c.objc; path = ViewController.m; sourceTree = "<group>"; };
		A925D04B1C1DA6D000D37622 /* Base */ = {isa = PBXFileReference; lastKnownFileType = file.storyboard; name = Base; path = Base.lproj/Main.storyboard; sourceTree = "<group>"; };
		A925D04D1C1DA6D000D37622 /* Images.xcassets */ = {isa = PBXFileReference; lastKnownFileType = folder.assetcatalog; path = Images.xcassets; sourceTree = "<group>"; };
		A925D0501C1DA6D000D37622 /* Base */ = {isa = PBXFileReference; lastKnownFileType = file.xib; name = Base; path = Base.lproj/LaunchScreen.xib; sourceTree = "<group>"; };
		A925D0561C1DA6D000D37622 /* InstagramGlitterLabsTests.xctest */ = {isa = PBXFileReference; explicitFileType = wrapper.cfbundle; includeInIndex = 0; path = InstagramGlitterLabsTests.xctest; sourceTree = BUILT_PRODUCTS_DIR; };
		A925D05B1C1DA6D000D37622 /* Info.plist */ = {isa = PBXFileReference; lastKnownFileType = text.plist.xml; path = Info.plist; sourceTree = "<group>"; };
		A925D05C1C1DA6D000D37622 /* InstagramGlitterLabsTests.m */ = {isa = PBXFileReference; lastKnownFileType = sourcecode.c.objc; path = InstagramGlitterLabsTests.m; sourceTree = "<group>"; };
		A925D0661C1DACC100D37622 /* InstagramTableViewCell.h */ = {isa = PBXFileReference; fileEncoding = 4; lastKnownFileType = sourcecode.c.h; path = InstagramTableViewCell.h; sourceTree = "<group>"; };
		A925D0671C1DACC100D37622 /* InstagramTableViewCell.m */ = {isa = PBXFileReference; fileEncoding = 4; lastKnownFileType = sourcecode.c.objc; path = InstagramTableViewCell.m; sourceTree = "<group>"; };
		A925D0691C1DACED00D37622 /* InstagramTableViewController.h */ = {isa = PBXFileReference; fileEncoding = 4; lastKnownFileType = sourcecode.c.h; path = InstagramTableViewController.h; sourceTree = "<group>"; };
		A925D06A1C1DACEE00D37622 /* InstagramTableViewController.m */ = {isa = PBXFileReference; fileEncoding = 4; lastKnownFileType = sourcecode.c.objc; path = InstagramTableViewController.m; sourceTree = "<group>"; };
		A925D06C1C1DAD2E00D37622 /* InstagramViewController.h */ = {isa = PBXFileReference; fileEncoding = 4; lastKnownFileType = sourcecode.c.h; path = InstagramViewController.h; sourceTree = "<group>"; };
		A925D06D1C1DAD2E00D37622 /* InstagramViewController.m */ = {isa = PBXFileReference; fileEncoding = 4; lastKnownFileType = sourcecode.c.objc; path = InstagramViewController.m; sourceTree = "<group>"; };
		A925D08B1C1EF67200D37622 /* instagram.png */ = {isa = PBXFileReference; lastKnownFileType = image.png; path = instagram.png; sourceTree = "<group>"; };
		C94867A077F8FCBE04CA49F5 /* Pods-InstagramGlitterLabs.release.xcconfig */ = {isa = PBXFileReference; includeInIndex = 1; lastKnownFileType = text.xcconfig; name = "Pods-InstagramGlitterLabs.release.xcconfig"; path = "Pods/Target Support Files/Pods-InstagramGlitterLabs/Pods-InstagramGlitterLabs.release.xcconfig"; sourceTree = "<group>"; };
/* End PBXFileReference section */

/* Begin PBXFrameworksBuildPhase section */
		A925D0371C1DA6D000D37622 /* Frameworks */ = {
			isa = PBXFrameworksBuildPhase;
			buildActionMask = 2147483647;
			files = (
				7CB092EE83E616270D47443F /* libPods-InstagramGlitterLabs.a in Frameworks */,
			);
			runOnlyForDeploymentPostprocessing = 0;
		};
		A925D0531C1DA6D000D37622 /* Frameworks */ = {
			isa = PBXFrameworksBuildPhase;
			buildActionMask = 2147483647;
			files = (
			);
			runOnlyForDeploymentPostprocessing = 0;
		};
/* End PBXFrameworksBuildPhase section */

/* Begin PBXGroup section */
		3B32277BF8D344A906CCAA92 /* Pods */ = {
			isa = PBXGroup;
			children = (
				09D9FF3473625E924E268FB3 /* Pods-InstagramGlitterLabs.debug.xcconfig */,
				C94867A077F8FCBE04CA49F5 /* Pods-InstagramGlitterLabs.release.xcconfig */,
			);
			name = Pods;
			sourceTree = "<group>";
		};
		79C0EC39809F23F56E0435FE /* Frameworks */ = {
			isa = PBXGroup;
			children = (
				59861F7982194C46A262C6B7 /* libPods-InstagramGlitterLabs.a */,
			);
			name = Frameworks;
			sourceTree = "<group>";
		};
		A925D0311C1DA6D000D37622 = {
			isa = PBXGroup;
			children = (
				A925D03C1C1DA6D000D37622 /* InstagramGlitterLabs */,
				A925D0591C1DA6D000D37622 /* InstagramGlitterLabsTests */,
				A925D03B1C1DA6D000D37622 /* Products */,
				3B32277BF8D344A906CCAA92 /* Pods */,
				79C0EC39809F23F56E0435FE /* Frameworks */,
			);
			sourceTree = "<group>";
		};
		A925D03B1C1DA6D000D37622 /* Products */ = {
			isa = PBXGroup;
			children = (
				A925D03A1C1DA6D000D37622 /* InstagramGlitterLabs.app */,
				A925D0561C1DA6D000D37622 /* InstagramGlitterLabsTests.xctest */,
			);
			name = Products;
			sourceTree = "<group>";
		};
		A925D03C1C1DA6D000D37622 /* InstagramGlitterLabs */ = {
			isa = PBXGroup;
			children = (
				A925D0411C1DA6D000D37622 /* AppDelegate.h */,
				A925D0421C1DA6D000D37622 /* AppDelegate.m */,
				A925D0471C1DA6D000D37622 /* ViewController.h */,
				A925D0481C1DA6D000D37622 /* ViewController.m */,
				A925D04A1C1DA6D000D37622 /* Main.storyboard */,
				A925D04D1C1DA6D000D37622 /* Images.xcassets */,
				A925D04F1C1DA6D000D37622 /* LaunchScreen.xib */,
				A925D0441C1DA6D000D37622 /* InstagramGlitterLabs.xcdatamodeld */,
				A925D03D1C1DA6D000D37622 /* Supporting Files */,
				A925D0661C1DACC100D37622 /* InstagramTableViewCell.h */,
				A925D0671C1DACC100D37622 /* InstagramTableViewCell.m */,
				A925D0691C1DACED00D37622 /* InstagramTableViewController.h */,
				A925D06A1C1DACEE00D37622 /* InstagramTableViewController.m */,
				A925D06C1C1DAD2E00D37622 /* InstagramViewController.h */,
				A925D06D1C1DAD2E00D37622 /* InstagramViewController.m */,
			);
			path = InstagramGlitterLabs;
			sourceTree = "<group>";
		};
		A925D03D1C1DA6D000D37622 /* Supporting Files */ = {
			isa = PBXGroup;
			children = (
				A925D08B1C1EF67200D37622 /* instagram.png */,
				A925D03E1C1DA6D000D37622 /* Info.plist */,
				A925D03F1C1DA6D000D37622 /* main.m */,
			);
			name = "Supporting Files";
			sourceTree = "<group>";
		};
		A925D0591C1DA6D000D37622 /* InstagramGlitterLabsTests */ = {
			isa = PBXGroup;
			children = (
				A925D05C1C1DA6D000D37622 /* InstagramGlitterLabsTests.m */,
				A925D05A1C1DA6D000D37622 /* Supporting Files */,
			);
			path = InstagramGlitterLabsTests;
			sourceTree = "<group>";
		};
		A925D05A1C1DA6D000D37622 /* Supporting Files */ = {
			isa = PBXGroup;
			children = (
				A925D05B1C1DA6D000D37622 /* Info.plist */,
			);
			name = "Supporting Files";
			sourceTree = "<group>";
		};
/* End PBXGroup section */

/* Begin PBXNativeTarget section */
		A925D0391C1DA6D000D37622 /* InstagramGlitterLabs */ = {
			isa = PBXNativeTarget;
			buildConfigurationList = A925D0601C1DA6D000D37622 /* Build configuration list for PBXNativeTarget "InstagramGlitterLabs" */;
			buildPhases = (
				CF395947F06AC09F5F3E5864 /* Check Pods Manifest.lock */,
				A925D0361C1DA6D000D37622 /* Sources */,
				A925D0371C1DA6D000D37622 /* Frameworks */,
				A925D0381C1DA6D000D37622 /* Resources */,
				225E860D03AC1E873FD23BA2 /* Embed Pods Frameworks */,
				3397E5877A0167A82C5139FC /* Copy Pods Resources */,
			);
			buildRules = (
			);
			dependencies = (
			);
			name = InstagramGlitterLabs;
			productName = InstagramGlitterLabs;
			productReference = A925D03A1C1DA6D000D37622 /* InstagramGlitterLabs.app */;
			productType = "com.apple.product-type.application";
		};
		A925D0551C1DA6D000D37622 /* InstagramGlitterLabsTests */ = {
			isa = PBXNativeTarget;
			buildConfigurationList = A925D0631C1DA6D000D37622 /* Build configuration list for PBXNativeTarget "InstagramGlitterLabsTests" */;
			buildPhases = (
				A925D0521C1DA6D000D37622 /* Sources */,
				A925D0531C1DA6D000D37622 /* Frameworks */,
				A925D0541C1DA6D000D37622 /* Resources */,
			);
			buildRules = (
			);
			dependencies = (
				A925D0581C1DA6D000D37622 /* PBXTargetDependency */,
			);
			name = InstagramGlitterLabsTests;
			productName = InstagramGlitterLabsTests;
			productReference = A925D0561C1DA6D000D37622 /* InstagramGlitterLabsTests.xctest */;
			productType = "com.apple.product-type.bundle.unit-test";
		};
/* End PBXNativeTarget section */

/* Begin PBXProject section */
		A925D0321C1DA6D000D37622 /* Project object */ = {
			isa = PBXProject;
			attributes = {
				LastUpgradeCheck = 0640;
				ORGANIZATIONNAME = Globallogic;
				TargetAttributes = {
					A925D0391C1DA6D000D37622 = {
						CreatedOnToolsVersion = 6.4;
					};
					A925D0551C1DA6D000D37622 = {
						CreatedOnToolsVersion = 6.4;
						TestTargetID = A925D0391C1DA6D000D37622;
					};
				};
			};
			buildConfigurationList = A925D0351C1DA6D000D37622 /* Build configuration list for PBXProject "InstagramGlitterLabs" */;
			compatibilityVersion = "Xcode 3.2";
			developmentRegion = English;
			hasScannedForEncodings = 0;
			knownRegions = (
				en,
				Base,
			);
			mainGroup = A925D0311C1DA6D000D37622;
			productRefGroup = A925D03B1C1DA6D000D37622 /* Products */;
			projectDirPath = "";
			projectRoot = "";
			targets = (
				A925D0391C1DA6D000D37622 /* InstagramGlitterLabs */,
				A925D0551C1DA6D000D37622 /* InstagramGlitterLabsTests */,
			);
		};
/* End PBXProject section */

/* Begin PBXResourcesBuildPhase section */
		A925D0381C1DA6D000D37622 /* Resources */ = {
			isa = PBXResourcesBuildPhase;
			buildActionMask = 2147483647;
			files = (
				A925D04C1C1DA6D000D37622 /* Main.storyboard in Resources */,
				A925D0511C1DA6D000D37622 /* LaunchScreen.xib in Resources */,
				A925D08C1C1EF67200D37622 /* instagram.png in Resources */,
				A925D04E1C1DA6D000D37622 /* Images.xcassets in Resources */,
			);
			runOnlyForDeploymentPostprocessing = 0;
		};
		A925D0541C1DA6D000D37622 /* Resources */ = {
			isa = PBXResourcesBuildPhase;
			buildActionMask = 2147483647;
			files = (
			);
			runOnlyForDeploymentPostprocessing = 0;
		};
/* End PBXResourcesBuildPhase section */

/* Begin PBXShellScriptBuildPhase section */
		225E860D03AC1E873FD23BA2 /* Embed Pods Frameworks */ = {
			isa = PBXShellScriptBuildPhase;
			buildActionMask = 2147483647;
			files = (
			);
			inputPaths = (
			);
			name = "Embed Pods Frameworks";
			outputPaths = (
			);
			runOnlyForDeploymentPostprocessing = 0;
			shellPath = /bin/sh;
			shellScript = "\"${SRCROOT}/Pods/Target Support Files/Pods-InstagramGlitterLabs/Pods-InstagramGlitterLabs-frameworks.sh\"\n";
			showEnvVarsInLog = 0;
		};
		3397E5877A0167A82C5139FC /* Copy Pods Resources */ = {
			isa = PBXShellScriptBuildPhase;
			buildActionMask = 2147483647;
			files = (
			);
			inputPaths = (
			);
			name = "Copy Pods Resources";
			outputPaths = (
			);
			runOnlyForDeploymentPostprocessing = 0;
			shellPath = /bin/sh;
			shellScript = "\"${SRCROOT}/Pods/Target Support Files/Pods-InstagramGlitterLabs/Pods-InstagramGlitterLabs-resources.sh\"\n";
			showEnvVarsInLog = 0;
		};
		CF395947F06AC09F5F3E5864 /* Check Pods Manifest.lock */ = {
			isa = PBXShellScriptBuildPhase;
			buildActionMask = 2147483647;
			files = (
			);
			inputPaths = (
			);
			name = "Check Pods Manifest.lock";
			outputPaths = (
			);
			runOnlyForDeploymentPostprocessing = 0;
			shellPath = /bin/sh;
			shellScript = "diff \"${PODS_ROOT}/../Podfile.lock\" \"${PODS_ROOT}/Manifest.lock\" > /dev/null\nif [[ $? != 0 ]] ; then\n    cat << EOM\nerror: The sandbox is not in sync with the Podfile.lock. Run 'pod install' or update your CocoaPods installation.\nEOM\n    exit 1\nfi\n";
			showEnvVarsInLog = 0;
		};
/* End PBXShellScriptBuildPhase section */

/* Begin PBXSourcesBuildPhase section */
		A925D0361C1DA6D000D37622 /* Sources */ = {
			isa = PBXSourcesBuildPhase;
			buildActionMask = 2147483647;
			files = (
				A925D0431C1DA6D000D37622 /* AppDelegate.m in Sources */,
				A925D0401C1DA6D000D37622 /* main.m in Sources */,
				A925D0681C1DACC100D37622 /* InstagramTableViewCell.m in Sources */,
				A925D0491C1DA6D000D37622 /* ViewController.m in Sources */,
				A925D06B1C1DACEE00D37622 /* InstagramTableViewController.m in Sources */,
				A925D06E1C1DAD2E00D37622 /* InstagramViewController.m in Sources */,
				A925D0461C1DA6D000D37622 /* InstagramGlitterLabs.xcdatamodeld in Sources */,
			);
			runOnlyForDeploymentPostprocessing = 0;
		};
		A925D0521C1DA6D000D37622 /* Sources */ = {
			isa = PBXSourcesBuildPhase;
			buildActionMask = 2147483647;
			files = (
				A925D05D1C1DA6D000D37622 /* InstagramGlitterLabsTests.m in Sources */,
			);
			runOnlyForDeploymentPostprocessing = 0;
		};
/* End PBXSourcesBuildPhase section */

/* Begin PBXTargetDependency section */
		A925D0581C1DA6D000D37622 /* PBXTargetDependency */ = {
			isa = PBXTargetDependency;
			target = A925D0391C1DA6D000D37622 /* InstagramGlitterLabs */;
			targetProxy = A925D0571C1DA6D000D37622 /* PBXContainerItemProxy */;
		};
/* End PBXTargetDependency section */

/* Begin PBXVariantGroup section */
		A925D04A1C1DA6D000D37622 /* Main.storyboard */ = {
			isa = PBXVariantGroup;
			children = (
				A925D04B1C1DA6D000D37622 /* Base */,
			);
			name = Main.storyboard;
			sourceTree = "<group>";
		};
		A925D04F1C1DA6D000D37622 /* LaunchScreen.xib */ = {
			isa = PBXVariantGroup;
			children = (
				A925D0501C1DA6D000D37622 /* Base */,
			);
			name = LaunchScreen.xib;
			sourceTree = "<group>";
		};
/* End PBXVariantGroup section */

/* Begin XCBuildConfiguration section */
		A925D05E1C1DA6D000D37622 /* Debug */ = {
			isa = XCBuildConfiguration;
			buildSettings = {
				ALWAYS_SEARCH_USER_PATHS = NO;
				CLANG_CXX_LANGUAGE_STANDARD = "gnu++0x";
				CLANG_CXX_LIBRARY = "libc++";
				CLANG_ENABLE_MODULES = YES;
				CLANG_ENABLE_OBJC_ARC = YES;
				CLANG_WARN_BOOL_CONVERSION = YES;
				CLANG_WARN_CONSTANT_CONVERSION = YES;
				CLANG_WARN_DIRECT_OBJC_ISA_USAGE = YES_ERROR;
				CLANG_WARN_EMPTY_BODY = YES;
				CLANG_WARN_ENUM_CONVERSION = YES;
				CLANG_WARN_INT_CONVERSION = YES;
				CLANG_WARN_OBJC_ROOT_CLASS = YES_ERROR;
				CLANG_WARN_UNREACHABLE_CODE = YES;
				CLANG_WARN__DUPLICATE_METHOD_MATCH = YES;
				"CODE_SIGN_IDENTITY[sdk=iphoneos*]" = "iPhone Developer";
				COPY_PHASE_STRIP = NO;
				DEBUG_INFORMATION_FORMAT = "dwarf-with-dsym";
				ENABLE_STRICT_OBJC_MSGSEND = YES;
				GCC_C_LANGUAGE_STANDARD = gnu99;
				GCC_DYNAMIC_NO_PIC = NO;
				GCC_NO_COMMON_BLOCKS = YES;
				GCC_OPTIMIZATION_LEVEL = 0;
				GCC_PREPROCESSOR_DEFINITIONS = (
					"DEBUG=1",
					"$(inherited)",
				);
				GCC_SYMBOLS_PRIVATE_EXTERN = NO;
				GCC_WARN_64_TO_32_BIT_CONVERSION = YES;
				GCC_WARN_ABOUT_RETURN_TYPE = YES_ERROR;
				GCC_WARN_UNDECLARED_SELECTOR = YES;
				GCC_WARN_UNINITIALIZED_AUTOS = YES_AGGRESSIVE;
				GCC_WARN_UNUSED_FUNCTION = YES;
				GCC_WARN_UNUSED_VARIABLE = YES;
				IPHONEOS_DEPLOYMENT_TARGET = 8.4;
				MTL_ENABLE_DEBUG_INFO = YES;
				ONLY_ACTIVE_ARCH = YES;
				SDKROOT = iphoneos;
			};
			name = Debug;
		};
		A925D05F1C1DA6D000D37622 /* Release */ = {
			isa = XCBuildConfiguration;
			buildSettings = {
				ALWAYS_SEARCH_USER_PATHS = NO;
				CLANG_CXX_LANGUAGE_STANDARD = "gnu++0x";
				CLANG_CXX_LIBRARY = "libc++";
				CLANG_ENABLE_MODULES = YES;
				CLANG_ENABLE_OBJC_ARC = YES;
				CLANG_WARN_BOOL_CONVERSION = YES;
				CLANG_WARN_CONSTANT_CONVERSION = YES;
				CLANG_WARN_DIRECT_OBJC_ISA_USAGE = YES_ERROR;
				CLANG_WARN_EMPTY_BODY = YES;
				CLANG_WARN_ENUM_CONVERSION = YES;
				CLANG_WARN_INT_CONVERSION = YES;
				CLANG_WARN_OBJC_ROOT_CLASS = YES_ERROR;
				CLANG_WARN_UNREACHABLE_CODE = YES;
				CLANG_WARN__DUPLICATE_METHOD_MATCH = YES;
				"CODE_SIGN_IDENTITY[sdk=iphoneos*]" = "iPhone Developer";
				COPY_PHASE_STRIP = NO;
				DEBUG_INFORMATION_FORMAT = "dwarf-with-dsym";
				ENABLE_NS_ASSERTIONS = NO;
				ENABLE_STRICT_OBJC_MSGSEND = YES;
				GCC_C_LANGUAGE_STANDARD = gnu99;
				GCC_NO_COMMON_BLOCKS = YES;
				GCC_WARN_64_TO_32_BIT_CONVERSION = YES;
				GCC_WARN_ABOUT_RETURN_TYPE = YES_ERROR;
				GCC_WARN_UNDECLARED_SELECTOR = YES;
				GCC_WARN_UNINITIALIZED_AUTOS = YES_AGGRESSIVE;
				GCC_WARN_UNUSED_FUNCTION = YES;
				GCC_WARN_UNUSED_VARIABLE = YES;
				IPHONEOS_DEPLOYMENT_TARGET = 8.4;
				MTL_ENABLE_DEBUG_INFO = NO;
				SDKROOT = iphoneos;
				VALIDATE_PRODUCT = YES;
			};
			name = Release;
		};
		A925D0611C1DA6D000D37622 /* Debug */ = {
			isa = XCBuildConfiguration;
			baseConfigurationReference = 09D9FF3473625E924E268FB3 /* Pods-InstagramGlitterLabs.debug.xcconfig */;
			buildSettings = {
				ASSETCATALOG_COMPILER_APPICON_NAME = AppIcon;
				INFOPLIST_FILE = InstagramGlitterLabs/Info.plist;
				LD_RUNPATH_SEARCH_PATHS = "$(inherited) @executable_path/Frameworks";
				PRODUCT_NAME = "$(TARGET_NAME)";
			};
			name = Debug;
		};
		A925D0621C1DA6D000D37622 /* Release */ = {
			isa = XCBuildConfiguration;
			baseConfigurationReference = C94867A077F8FCBE04CA49F5 /* Pods-InstagramGlitterLabs.release.xcconfig */;
			buildSettings = {
				ASSETCATALOG_COMPILER_APPICON_NAME = AppIcon;
				INFOPLIST_FILE = InstagramGlitterLabs/Info.plist;
				LD_RUNPATH_SEARCH_PATHS = "$(inherited) @executable_path/Frameworks";
				PRODUCT_NAME = "$(TARGET_NAME)";
			};
			name = Release;
		};
		A925D0641C1DA6D000D37622 /* Debug */ = {
			isa = XCBuildConfiguration;
			buildSettings = {
				BUNDLE_LOADER = "$(TEST_HOST)";
				FRAMEWORK_SEARCH_PATHS = (
					"$(SDKROOT)/Developer/Library/Frameworks",
					"$(inherited)",
				);
				GCC_PREPROCESSOR_DEFINITIONS = (
					"DEBUG=1",
					"$(inherited)",
				);
				INFOPLIST_FILE = InstagramGlitterLabsTests/Info.plist;
				LD_RUNPATH_SEARCH_PATHS = "$(inherited) @executable_path/Frameworks @loader_path/Frameworks";
				PRODUCT_NAME = "$(TARGET_NAME)";
				TEST_HOST = "$(BUILT_PRODUCTS_DIR)/InstagramGlitterLabs.app/InstagramGlitterLabs";
			};
			name = Debug;
		};
		A925D0651C1DA6D000D37622 /* Release */ = {
			isa = XCBuildConfiguration;
			buildSettings = {
				BUNDLE_LOADER = "$(TEST_HOST)";
				FRAMEWORK_SEARCH_PATHS = (
					"$(SDKROOT)/Developer/Library/Frameworks",
					"$(inherited)",
				);
				INFOPLIST_FILE = InstagramGlitterLabsTests/Info.plist;
				LD_RUNPATH_SEARCH_PATHS = "$(inherited) @executable_path/Frameworks @loader_path/Frameworks";
				PRODUCT_NAME = "$(TARGET_NAME)";
				TEST_HOST = "$(BUILT_PRODUCTS_DIR)/InstagramGlitterLabs.app/InstagramGlitterLabs";
			};
			name = Release;
		};
/* End XCBuildConfiguration section */

/* Begin XCConfigurationList section */
		A925D0351C1DA6D000D37622 /* Build configuration list for PBXProject "InstagramGlitterLabs" */ = {
			isa = XCConfigurationList;
			buildConfigurations = (
				A925D05E1C1DA6D000D37622 /* Debug */,
				A925D05F1C1DA6D000D37622 /* Release */,
			);
			defaultConfigurationIsVisible = 0;
			defaultConfigurationName = Release;
		};
		A925D0601C1DA6D000D37622 /* Build configuration list for PBXNativeTarget "InstagramGlitterLabs" */ = {
			isa = XCConfigurationList;
			buildConfigurations = (
				A925D0611C1DA6D000D37622 /* Debug */,
				A925D0621C1DA6D000D37622 /* Release */,
			);
			defaultConfigurationIsVisible = 0;
			defaultConfigurationName = Release;
		};
		A925D0631C1DA6D000D37622 /* Build configuration list for PBXNativeTarget "InstagramGlitterLabsTests" */ = {
			isa = XCConfigurationList;
			buildConfigurations = (
				A925D0641C1DA6D000D37622 /* Debug */,
				A925D0651C1DA6D000D37622 /* Release */,
			);
			defaultConfigurationIsVisible = 0;
			defaultConfigurationName = Release;
		};
/* End XCConfigurationList section */

/* Begin XCVersionGroup section */
		A925D0441C1DA6D000D37622 /* InstagramGlitterLabs.xcdatamodeld */ = {
			isa = XCVersionGroup;
			children = (
				A925D0451C1DA6D000D37622 /* InstagramGlitterLabs.xcdatamodel */,
			);
			currentVersion = A925D0451C1DA6D000D37622 /* InstagramGlitterLabs.xcdatamodel */;
			path = InstagramGlitterLabs.xcdatamodeld;
			sourceTree = "<group>";
			versionGroupType = wrapper.xcdatamodel;
		};
/* End XCVersionGroup section */
	};
	rootObject = A925D0321C1DA6D000D37622 /* Project object */;
}
